Microsoft Visual Studio Solution File, Format Version 12.00
# Visual Studio Version 17
VisualStudioVersion = 17.5.2.0
MinimumVisualStudioVersion = 10.0.40219.1
Project("{FAE04EC0-301F-11D3-BF4B-00C04F79EFBC}") = "SportEventApp", "SportEventApp.csproj", "{F3CCC89F-1BCB-C98D-4C3D-B156E99F0F3A}"
EndProject
Global
	GlobalSection(SolutionConfigurationPlatforms) = preSolution
		Debug|Any CPU = Debug|Any CPU
		Release|Any CPU = Release|Any CPU
	EndGlobalSection
	GlobalSection(ProjectConfigurationPlatforms) = postSolution
		{F3CCC89F-1BCB-C98D-4C3D-B156E99F0F3A}.Debug|Any CPU.ActiveCfg = Debug|Any CPU
		{F3CCC89F-1BCB-C98D-4C3D-B156E99F0F3A}.Debug|Any CPU.Build.0 = Debug|Any CPU
		{F3CCC89F-1BCB-C98D-4C3D-B156E99F0F3A}.Release|Any CPU.ActiveCfg = Release|Any CPU
		{F3CCC89F-1BCB-C98D-4C3D-B156E99F0F3A}.Release|Any CPU.Build.0 = Release|Any CPU
	EndGlobalSection
	GlobalSection(SolutionProperties) = preSolution
		HideSolutionNode = FALSE
	EndGlobalSection
	GlobalSection(ExtensibilityGlobals) = postSolution
		SolutionGuid = {A51936CA-7BF7-4DC7-8D06-2FF9821EE2AF}
	EndGlobalSection
EndGlobal
